
Microsoft Visual Studio Solution File, Format Version 12.00
# Visual Studio Version 17
VisualStudioVersion = 17.14.36301.6 d17.14
MinimumVisualStudioVersion = 10.0.40219.1
Project("{FAE04EC0-301F-11D3-BF4B-00C04F79EFBC}") = "GymBookingApp.Api", "GymBookingApp.Api\GymBookingApp.Api.csproj", "{07F98286-2FF2-42C1-BF94-D19C3C139D16}"
EndProject
Project("{FAE04EC0-301F-11D3-BF4B-00C04F79EFBC}") = "GymBookingApp.Tests.Unit", "GymBookingApp.Tests.Unit\GymBookingApp.Tests.Unit.csproj", "{3A28F007-B44C-48ED-99AC-1502D7FDF0EA}"
EndProject
Global
	GlobalSection(SolutionConfigurationPlatforms) = preSolution
		Debug|Any CPU = Debug|Any CPU
		Release|Any CPU = Release|Any CPU
	EndGlobalSection
	GlobalSection(ProjectConfigurationPlatforms) = postSolution
		{07F98286-2FF2-42C1-BF94-D19C3C139D16}.Debug|Any CPU.ActiveCfg = Debug|Any CPU
		{07F98286-2FF2-42C1-BF94-D19C3C139D16}.Debug|Any CPU.Build.0 = Debug|Any CPU
		{07F98286-2FF2-42C1-BF94-D19C3C139D16}.Release|Any CPU.ActiveCfg = Release|Any CPU
		{07F98286-2FF2-42C1-BF94-D19C3C139D16}.Release|Any CPU.Build.0 = Release|Any CPU
		{3A28F007-B44C-48ED-99AC-1502D7FDF0EA}.Debug|Any CPU.ActiveCfg = Debug|Any CPU
		{3A28F007-B44C-48ED-99AC-1502D7FDF0EA}.Debug|Any CPU.Build.0 = Debug|Any CPU
		{3A28F007-B44C-48ED-99AC-1502D7FDF0EA}.Release|Any CPU.ActiveCfg = Release|Any CPU
		{3A28F007-B44C-48ED-99AC-1502D7FDF0EA}.Release|Any CPU.Build.0 = Release|Any CPU
	EndGlobalSection
	GlobalSection(SolutionProperties) = preSolution
		HideSolutionNode = FALSE
	EndGlobalSection
	GlobalSection(ExtensibilityGlobals) = postSolution
		SolutionGuid = {A19EE3D4-0A4A-4956-A9B3-4A1CC0D6630D}
	EndGlobalSection
EndGlobal
